
Microsoft Visual Studio Solution File, Format Version 12.00
# Visual Studio Version 16
VisualStudioVersion = 16.0.31515.178
MinimumVisualStudioVersion = 10.0.40219.1
Project("{888888A0-9F3D-457C-B088-3A5042F75D52}") = "Evolution Simulator", "Evolution Simulator.pyproj", "{7EA3C6F3-D552-408F-829A-9ADCB0CF25C5}"
EndProject
Global
	GlobalSection(SolutionConfigurationPlatforms) = preSolution
		Debug|Any CPU = Debug|Any CPU
		Release|Any CPU = Release|Any CPU
	EndGlobalSection
	GlobalSection(ProjectConfigurationPlatforms) = postSolution
		{7EA3C6F3-D552-408F-829A-9ADCB0CF25C5}.Debug|Any CPU.ActiveCfg = Debug|Any CPU
		{7EA3C6F3-D552-408F-829A-9ADCB0CF25C5}.Release|Any CPU.ActiveCfg = Release|Any CPU
	EndGlobalSection
	GlobalSection(SolutionProperties) = preSolution
		HideSolutionNode = FALSE
	EndGlobalSection
	GlobalSection(ExtensibilityGlobals) = postSolution
		SolutionGuid = {662BF1F6-4A5B-42EA-9E8D-03F8F1A945C6}
	EndGlobalSection
EndGlobal
